<?xml version="1.0" encoding="utf-8"?>
<Project ToolsVersion="4.0" xmlns="http://schemas.microsoft.com/developer/msbuild/2003">
  <ItemGroup>
    <Filter Include="Source Files">
      <UniqueIdentifier>{4FC737F1-C7A5-4376-A066-2A32D752A2FF}</UniqueIdentifier>
      <Extensions>cpp;c;cc;cxx;def;odl;idl;hpj;bat;asm;asmx</Extensions>
    </Filter>
    <Filter Include="Header Files">
      <UniqueIdentifier>{93995380-89BD-4b04-88EB-625FBE52EBFB}</UniqueIdentifier>
      <Extensions>h;hh;hpp;hxx;hm;inl;inc;xsd</Extensions>
    </Filter>
    <Filter Include="Resource Files">
      <UniqueIdentifier>{67DA6AB6-F800-4c08-8B7A-83BB121AAD01}</UniqueIdentifier>
      <Extensions>rc;ico;cur;bmp;dlg;rc2;rct;bin;rgs;gif;jpg;jpeg;jpe;resx;tiff;tif;png;wav;mfcribbon-ms</Extensions>
    </Filter>
    <Filter Include="Header Files\controllers">
      <UniqueIdentifier>{ae8f4f49-5414-4af3-9b25-f2c6c2696a6a}</UniqueIdentifier>
    </Filter>
    <Filter Include="Header Files\interfaces">
      <UniqueIdentifier>{623f05a9-9882-40e0-b861-b46f91ea7ba6}</UniqueIdentifier>
    </Filter>
    <Filter Include="Header Files\models">
      <UniqueIdentifier>{d08a1fa7-6922-4188-b461-091b6729b1d5}</UniqueIdentifier>
    </Filter>
    <Filter Include="Header Files\structures">
      <UniqueIdentifier>{11bfdbc1-8353-4a0e-ae2c-66a31719e3b8}</UniqueIdentifier>
    </Filter>
    <Filter Include="Header Files\utils">
      <UniqueIdentifier>{513b85e2-0378-4b06-ac5c-bc7a94ca2ff3}</UniqueIdentifier>
    </Filter>
    <Filter Include="Source Files\controllers">
      <UniqueIdentifier>{60d92a09-800d-4d34-94e9-79a9ad99bf54}</UniqueIdentifier>
    </Filter>
    <Filter Include="Source Files\models">
      <UniqueIdentifier>{8f01987e-764d-4592-8f1b-de168497c7e4}</UniqueIdentifier>
    </Filter>
    <Filter Include="Source Files\utils">
      <UniqueIdentifier>{ab7d15d7-6089-4938-b7a4-9f51ba08b032}</UniqueIdentifier>
    </Filter>
    <Filter Include="Source Files\structures">
      <UniqueIdentifier>{63b650f4-dec7-46bf-ba62-ee26d5d06946}</UniqueIdentifier>
    </Filter>
  </ItemGroup>
  <ItemGroup>
    <Text Include="ReadMe.txt" />
  </ItemGroup>
  <ItemGroup>
    <ClInclude Include="stdafx.h">
      <Filter>Header Files</Filter>
    </ClInclude>
    <ClInclude Include="targetver.h">
      <Filter>Header Files</Filter>
    </ClInclude>
    <ClInclude Include="IHasher.h">
      <Filter>Header Files\interfaces</Filter>
    </ClInclude>
    <ClInclude Include="HashIterator.h">
      <Filter>Header Files\models</Filter>
    </ClInclude>
    <ClInclude Include="Document.h">
      <Filter>Header Files\structures</Filter>
    </ClInclude>
    <ClInclude Include="DataBaseConfiguration.h">
      <Filter>Header Files\structures</Filter>
    </ClInclude>
    <ClInclude Include="DataBaseHandler.h">
      <Filter>Header Files\controllers</Filter>
    </ClInclude>
    <ClInclude Include="DocumentIterator.h">
      <Filter>Header Files\models</Filter>
    </ClInclude>
    <ClInclude Include="BloomFilter.h">
      <Filter>Header Files\models</Filter>
    </ClInclude>
    <ClInclude Include="BloomFilterBasedDBController.h">
      <Filter>Header Files\controllers</Filter>
    </ClInclude>
    <ClInclude Include="MurmurHasher.h">
      <Filter>Header Files\models</Filter>
    </ClInclude>
    <ClInclude Include="DataBaseGenerator.h">
      <Filter>Header Files\controllers</Filter>
    </ClInclude>
    <ClInclude Include="BitWiseArray.h">
      <Filter>Header Files\models</Filter>
    </ClInclude>
    <ClInclude Include="prime.h">
      <Filter>Header Files\utils</Filter>
    </ClInclude>
    <ClInclude Include="Server.h">
      <Filter>Header Files\controllers</Filter>
    </ClInclude>
    <ClInclude Include="BloomFilterServer.h">
      <Filter>Header Files\controllers</Filter>
    </ClInclude>
    <ClInclude Include="CassandraAdditionalFunctions.h">
      <Filter>Header Files\utils</Filter>
    </ClInclude>
    <ClInclude Include="TestFileGenerator.h">
      <Filter>Header Files\controllers</Filter>
    </ClInclude>
    <ClInclude Include="RandomAdditionalOperations.h">
      <Filter>Header Files\utils</Filter>
    </ClInclude>
    <ClInclude Include="BloomFilterStats.h">
      <Filter>Header Files\controllers</Filter>
    </ClInclude>
    <ClInclude Include="Fnv1aHasher.h">
      <Filter>Header Files\models</Filter>
    </ClInclude>
    <ClInclude Include="BloomFilterUtilities.h">
      <Filter>Header Files\utils</Filter>
    </ClInclude>
  </ItemGroup>
  <ItemGroup>
    <ClCompile Include="stdafx.cpp">
      <Filter>Source Files</Filter>
    </ClCompile>
    <ClCompile Include="PDC3_BloomFilter.cpp">
      <Filter>Source Files</Filter>
    </ClCompile>
    <ClCompile Include="DataBaseHandler.cpp">
      <Filter>Source Files\controllers</Filter>
    </ClCompile>
    <ClCompile Include="DocumentIterator.cpp">
      <Filter>Source Files\models</Filter>
    </ClCompile>
    <ClCompile Include="HashIterator.cpp">
      <Filter>Source Files\models</Filter>
    </ClCompile>
    <ClCompile Include="BloomFilter.cpp">
      <Filter>Source Files\models</Filter>
    </ClCompile>
    <ClCompile Include="BloomFilterBasedDBController.cpp">
      <Filter>Source Files\controllers</Filter>
    </ClCompile>
    <ClCompile Include="MurmurHasher.cpp">
      <Filter>Source Files\models</Filter>
    </ClCompile>
    <ClCompile Include="DataBaseGenerator.cpp">
      <Filter>Source Files\controllers</Filter>
    </ClCompile>
    <ClCompile Include="BitWiseArray.cpp">
      <Filter>Source Files\models</Filter>
    </ClCompile>
    <ClCompile Include="prime.cpp">
      <Filter>Source Files\utils</Filter>
    </ClCompile>
    <ClCompile Include="Server.cpp">
      <Filter>Source Files\controllers</Filter>
    </ClCompile>
    <ClCompile Include="BloomFilterServer.cpp">
      <Filter>Source Files\controllers</Filter>
    </ClCompile>
    <ClCompile Include="Document.cpp">
      <Filter>Source Files\structures</Filter>
    </ClCompile>
    <ClCompile Include="CassandraAdditionalFunctions.cpp">
      <Filter>Source Files\utils</Filter>
    </ClCompile>
    <ClCompile Include="TestFileGenerator.cpp">
      <Filter>Source Files\controllers</Filter>
    </ClCompile>
    <ClCompile Include="RandomAdditionalOperations.cpp">
      <Filter>Source Files\utils</Filter>
    </ClCompile>
    <ClCompile Include="BloomFilterStats.cpp">
      <Filter>Source Files\controllers</Filter>
    </ClCompile>
    <ClCompile Include="Fnv1aHasher.cpp">
      <Filter>Source Files\models</Filter>
    </ClCompile>
    <ClCompile Include="BloomFilterUtilities.cpp">
      <Filter>Source Files\utils</Filter>
    </ClCompile>
  </ItemGroup>
  <ItemGroup>
    <None Include="ClassDiagram.cd" />
  </ItemGroup>
</Project>